
Microsoft Visual Studio Solution File, Format Version 12.00
# Visual Studio Version 17
VisualStudioVersion = 17.2.32505.173
MinimumVisualStudioVersion = 10.0.40219.1
Project("{FAE04EC0-301F-11D3-BF4B-00C04F79EFBC}") = "exercise02Capsulation", "exercise02\exercise02Capsulation.csproj", "{2094770E-6327-483D-8A0C-BBB35333352A}"
EndProject
Global
	GlobalSection(SolutionConfigurationPlatforms) = preSolution
		Debug|Any CPU = Debug|Any CPU
		Release|Any CPU = Release|Any CPU
	EndGlobalSection
	GlobalSection(ProjectConfigurationPlatforms) = postSolution
		{2094770E-6327-483D-8A0C-BBB35333352A}.Debug|Any CPU.ActiveCfg = Debug|Any CPU
		{2094770E-6327-483D-8A0C-BBB35333352A}.Debug|Any CPU.Build.0 = Debug|Any CPU
		{2094770E-6327-483D-8A0C-BBB35333352A}.Release|Any CPU.ActiveCfg = Release|Any CPU
		{2094770E-6327-483D-8A0C-BBB35333352A}.Release|Any CPU.Build.0 = Release|Any CPU
	EndGlobalSection
	GlobalSection(SolutionProperties) = preSolution
		HideSolutionNode = FALSE
	EndGlobalSection
	GlobalSection(ExtensibilityGlobals) = postSolution
		SolutionGuid = {943C2971-BA03-448A-B01C-918472716FB7}
	EndGlobalSection
EndGlobal
